
Microsoft Visual Studio Solution File, Format Version 12.00
# Visual Studio Version 17
VisualStudioVersion = 17.0.32112.339
MinimumVisualStudioVersion = 10.0.40219.1
Project("{FAE04EC0-301F-11D3-BF4B-00C04F79EFBC}") = "SystemDz", "SystemDz\SystemDz.csproj", "{544FE6EB-E242-49E3-B4A1-5F9F709301F0}"
EndProject
Project("{FAE04EC0-301F-11D3-BF4B-00C04F79EFBC}") = "SortingNumbersByEventsDz", "SortingNumbersByEventsDz\SortingNumbersByEventsDz.csproj", "{60E50FAA-9464-4EE4-A6AC-80168D18C516}"
EndProject
Project("{FAE04EC0-301F-11D3-BF4B-00C04F79EFBC}") = "ReportDirectoryAndStringByTasks", "ReportDirectoryAndStringByTasks\ReportDirectoryAndStringByTasks.csproj", "{AAC6977B-B848-4A66-A773-94E52BADD316}"
EndProject
Global
	GlobalSection(SolutionConfigurationPlatforms) = preSolution
		Debug|Any CPU = Debug|Any CPU
		Release|Any CPU = Release|Any CPU
	EndGlobalSection
	GlobalSection(ProjectConfigurationPlatforms) = postSolution
		{544FE6EB-E242-49E3-B4A1-5F9F709301F0}.Debug|Any CPU.ActiveCfg = Debug|Any CPU
		{544FE6EB-E242-49E3-B4A1-5F9F709301F0}.Debug|Any CPU.Build.0 = Debug|Any CPU
		{544FE6EB-E242-49E3-B4A1-5F9F709301F0}.Release|Any CPU.ActiveCfg = Release|Any CPU
		{544FE6EB-E242-49E3-B4A1-5F9F709301F0}.Release|Any CPU.Build.0 = Release|Any CPU
		{60E50FAA-9464-4EE4-A6AC-80168D18C516}.Debug|Any CPU.ActiveCfg = Debug|Any CPU
		{60E50FAA-9464-4EE4-A6AC-80168D18C516}.Debug|Any CPU.Build.0 = Debug|Any CPU
		{60E50FAA-9464-4EE4-A6AC-80168D18C516}.Release|Any CPU.ActiveCfg = Release|Any CPU
		{60E50FAA-9464-4EE4-A6AC-80168D18C516}.Release|Any CPU.Build.0 = Release|Any CPU
		{AAC6977B-B848-4A66-A773-94E52BADD316}.Debug|Any CPU.ActiveCfg = Debug|Any CPU
		{AAC6977B-B848-4A66-A773-94E52BADD316}.Debug|Any CPU.Build.0 = Debug|Any CPU
		{AAC6977B-B848-4A66-A773-94E52BADD316}.Release|Any CPU.ActiveCfg = Release|Any CPU
		{AAC6977B-B848-4A66-A773-94E52BADD316}.Release|Any CPU.Build.0 = Release|Any CPU
	EndGlobalSection
	GlobalSection(SolutionProperties) = preSolution
		HideSolutionNode = FALSE
	EndGlobalSection
	GlobalSection(ExtensibilityGlobals) = postSolution
		SolutionGuid = {3DFD569A-1B11-406E-8509-504AFABB91F1}
	EndGlobalSection
EndGlobal
